
Microsoft Visual Studio Solution File, Format Version 12.00
Project("{FAE04EC0-301F-11D3-BF4B-00C04F79EFBC}") = "aspnet-demo", "aspnet-demo\aspnet-demo.csproj", "{5D3287CF-59B1-4816-AA99-B482F4CBA318}"
EndProject
Global
	GlobalSection(SolutionConfigurationPlatforms) = preSolution
		Debug|Any CPU = Debug|Any CPU
		Release|Any CPU = Release|Any CPU
	EndGlobalSection
	GlobalSection(ProjectConfigurationPlatforms) = postSolution
		{5D3287CF-59B1-4816-AA99-B482F4CBA318}.Debug|Any CPU.ActiveCfg = Debug|Any CPU
		{5D3287CF-59B1-4816-AA99-B482F4CBA318}.Debug|Any CPU.Build.0 = Debug|Any CPU
		{5D3287CF-59B1-4816-AA99-B482F4CBA318}.Release|Any CPU.ActiveCfg = Release|Any CPU
		{5D3287CF-59B1-4816-AA99-B482F4CBA318}.Release|Any CPU.Build.0 = Release|Any CPU
	EndGlobalSection
EndGlobal
